
Microsoft Visual Studio Solution File, Format Version 12.00
# Visual Studio Version 16
VisualStudioVersion = 16.0.29728.190
MinimumVisualStudioVersion = 10.0.40219.1
Project("{FAE04EC0-301F-11D3-BF4B-00C04F79EFBC}") = "cert_test", "cert_test\cert_test.csproj", "{0D652FDE-55A8-4631-A165-1978BF8DB84A}"
EndProject
Project("{FAE04EC0-301F-11D3-BF4B-00C04F79EFBC}") = "MessageBoxTest", "MessageBoxTest\MessageBoxTest.csproj", "{9EF1D598-67CD-4C1D-B51F-4F10AD55069B}"
EndProject
Project("{8BC9CEB8-8B4A-11D0-8D11-00A0C91BC942}") = "Injector", "Injector\Injector.vcxproj", "{EF6D0630-5EA9-415E-9D01-8CA0100423E4}"
EndProject
Project("{8BC9CEB8-8B4A-11D0-8D11-00A0C91BC942}") = "MessageBoxHook", "MessageBoxHook\MessageBoxHook.vcxproj", "{C48753EE-5355-4480-9D4D-BDBAF5BB3BFA}"
EndProject
Project("{FAE04EC0-301F-11D3-BF4B-00C04F79EFBC}") = "SslServer", "SslServer\SslServer.csproj", "{383B1478-CF21-48DE-91E5-0007D228C590}"
EndProject
Project("{FAE04EC0-301F-11D3-BF4B-00C04F79EFBC}") = "SslClient", "SslClient\SslClient.csproj", "{CB8E4BB2-648F-4F64-AE00-2656CEF771B9}"
EndProject
Project("{FAE04EC0-301F-11D3-BF4B-00C04F79EFBC}") = "Proxy", "Proxy\Proxy.csproj", "{BA3DD488-FCFD-47E7-B28A-DC104B0E8E04}"
EndProject
Project("{FAE04EC0-301F-11D3-BF4B-00C04F79EFBC}") = "ProxyTest", "ProxyTest\ProxyTest.csproj", "{4DDD2785-FF2F-48C9-AC82-81FC4FF7FB89}"
EndProject
Project("{FAE04EC0-301F-11D3-BF4B-00C04F79EFBC}") = "gui", "gui\gui.csproj", "{DCFB9612-EBBE-4F6E-AF0B-70125926DEA9}"
EndProject
Project("{8BC9CEB8-8B4A-11D0-8D11-00A0C91BC942}") = "test", "test\test.vcxproj", "{EE8E861D-53C4-4358-BF18-0543113C0ED1}"
EndProject
Global
	GlobalSection(SolutionConfigurationPlatforms) = preSolution
		Debug|Any CPU = Debug|Any CPU
		Debug|x64 = Debug|x64
		Debug|x86 = Debug|x86
		Release|Any CPU = Release|Any CPU
		Release|x64 = Release|x64
		Release|x86 = Release|x86
	EndGlobalSection
	GlobalSection(ProjectConfigurationPlatforms) = postSolution
		{0D652FDE-55A8-4631-A165-1978BF8DB84A}.Debug|Any CPU.ActiveCfg = Debug|Any CPU
		{0D652FDE-55A8-4631-A165-1978BF8DB84A}.Debug|Any CPU.Build.0 = Debug|Any CPU
		{0D652FDE-55A8-4631-A165-1978BF8DB84A}.Debug|x64.ActiveCfg = Debug|Any CPU
		{0D652FDE-55A8-4631-A165-1978BF8DB84A}.Debug|x64.Build.0 = Debug|Any CPU
		{0D652FDE-55A8-4631-A165-1978BF8DB84A}.Debug|x86.ActiveCfg = Debug|Any CPU
		{0D652FDE-55A8-4631-A165-1978BF8DB84A}.Debug|x86.Build.0 = Debug|Any CPU
		{0D652FDE-55A8-4631-A165-1978BF8DB84A}.Release|Any CPU.ActiveCfg = Release|Any CPU
		{0D652FDE-55A8-4631-A165-1978BF8DB84A}.Release|Any CPU.Build.0 = Release|Any CPU
		{0D652FDE-55A8-4631-A165-1978BF8DB84A}.Release|x64.ActiveCfg = Release|Any CPU
		{0D652FDE-55A8-4631-A165-1978BF8DB84A}.Release|x64.Build.0 = Release|Any CPU
		{0D652FDE-55A8-4631-A165-1978BF8DB84A}.Release|x86.ActiveCfg = Release|Any CPU
		{0D652FDE-55A8-4631-A165-1978BF8DB84A}.Release|x86.Build.0 = Release|Any CPU
		{9EF1D598-67CD-4C1D-B51F-4F10AD55069B}.Debug|Any CPU.ActiveCfg = Debug|Any CPU
		{9EF1D598-67CD-4C1D-B51F-4F10AD55069B}.Debug|Any CPU.Build.0 = Debug|Any CPU
		{9EF1D598-67CD-4C1D-B51F-4F10AD55069B}.Debug|x64.ActiveCfg = Debug|Any CPU
		{9EF1D598-67CD-4C1D-B51F-4F10AD55069B}.Debug|x64.Build.0 = Debug|Any CPU
		{9EF1D598-67CD-4C1D-B51F-4F10AD55069B}.Debug|x86.ActiveCfg = Debug|Any CPU
		{9EF1D598-67CD-4C1D-B51F-4F10AD55069B}.Debug|x86.Build.0 = Debug|Any CPU
		{9EF1D598-67CD-4C1D-B51F-4F10AD55069B}.Release|Any CPU.ActiveCfg = Release|Any CPU
		{9EF1D598-67CD-4C1D-B51F-4F10AD55069B}.Release|Any CPU.Build.0 = Release|Any CPU
		{9EF1D598-67CD-4C1D-B51F-4F10AD55069B}.Release|x64.ActiveCfg = Release|Any CPU
		{9EF1D598-67CD-4C1D-B51F-4F10AD55069B}.Release|x64.Build.0 = Release|Any CPU
		{9EF1D598-67CD-4C1D-B51F-4F10AD55069B}.Release|x86.ActiveCfg = Release|Any CPU
		{9EF1D598-67CD-4C1D-B51F-4F10AD55069B}.Release|x86.Build.0 = Release|Any CPU
		{EF6D0630-5EA9-415E-9D01-8CA0100423E4}.Debug|Any CPU.ActiveCfg = Debug|Win32
		{EF6D0630-5EA9-415E-9D01-8CA0100423E4}.Debug|x64.ActiveCfg = Debug|x64
		{EF6D0630-5EA9-415E-9D01-8CA0100423E4}.Debug|x64.Build.0 = Debug|x64
		{EF6D0630-5EA9-415E-9D01-8CA0100423E4}.Debug|x86.ActiveCfg = Debug|Win32
		{EF6D0630-5EA9-415E-9D01-8CA0100423E4}.Debug|x86.Build.0 = Debug|Win32
		{EF6D0630-5EA9-415E-9D01-8CA0100423E4}.Release|Any CPU.ActiveCfg = Release|Win32
		{EF6D0630-5EA9-415E-9D01-8CA0100423E4}.Release|x64.ActiveCfg = Release|x64
		{EF6D0630-5EA9-415E-9D01-8CA0100423E4}.Release|x64.Build.0 = Release|x64
		{EF6D0630-5EA9-415E-9D01-8CA0100423E4}.Release|x86.ActiveCfg = Release|Win32
		{EF6D0630-5EA9-415E-9D01-8CA0100423E4}.Release|x86.Build.0 = Release|Win32
		{C48753EE-5355-4480-9D4D-BDBAF5BB3BFA}.Debug|Any CPU.ActiveCfg = Debug|Win32
		{C48753EE-5355-4480-9D4D-BDBAF5BB3BFA}.Debug|x64.ActiveCfg = Debug|x64
		{C48753EE-5355-4480-9D4D-BDBAF5BB3BFA}.Debug|x64.Build.0 = Debug|x64
		{C48753EE-5355-4480-9D4D-BDBAF5BB3BFA}.Debug|x86.ActiveCfg = Debug|Win32
		{C48753EE-5355-4480-9D4D-BDBAF5BB3BFA}.Debug|x86.Build.0 = Debug|Win32
		{C48753EE-5355-4480-9D4D-BDBAF5BB3BFA}.Release|Any CPU.ActiveCfg = Release|Win32
		{C48753EE-5355-4480-9D4D-BDBAF5BB3BFA}.Release|x64.ActiveCfg = Release|x64
		{C48753EE-5355-4480-9D4D-BDBAF5BB3BFA}.Release|x64.Build.0 = Release|x64
		{C48753EE-5355-4480-9D4D-BDBAF5BB3BFA}.Release|x86.ActiveCfg = Release|Win32
		{C48753EE-5355-4480-9D4D-BDBAF5BB3BFA}.Release|x86.Build.0 = Release|Win32
		{383B1478-CF21-48DE-91E5-0007D228C590}.Debug|Any CPU.ActiveCfg = Debug|Any CPU
		{383B1478-CF21-48DE-91E5-0007D228C590}.Debug|Any CPU.Build.0 = Debug|Any CPU
		{383B1478-CF21-48DE-91E5-0007D228C590}.Debug|x64.ActiveCfg = Debug|Any CPU
		{383B1478-CF21-48DE-91E5-0007D228C590}.Debug|x64.Build.0 = Debug|Any CPU
		{383B1478-CF21-48DE-91E5-0007D228C590}.Debug|x86.ActiveCfg = Debug|Any CPU
		{383B1478-CF21-48DE-91E5-0007D228C590}.Debug|x86.Build.0 = Debug|Any CPU
		{383B1478-CF21-48DE-91E5-0007D228C590}.Release|Any CPU.ActiveCfg = Release|Any CPU
		{383B1478-CF21-48DE-91E5-0007D228C590}.Release|Any CPU.Build.0 = Release|Any CPU
		{383B1478-CF21-48DE-91E5-0007D228C590}.Release|x64.ActiveCfg = Release|Any CPU
		{383B1478-CF21-48DE-91E5-0007D228C590}.Release|x64.Build.0 = Release|Any CPU
		{383B1478-CF21-48DE-91E5-0007D228C590}.Release|x86.ActiveCfg = Release|Any CPU
		{383B1478-CF21-48DE-91E5-0007D228C590}.Release|x86.Build.0 = Release|Any CPU
		{CB8E4BB2-648F-4F64-AE00-2656CEF771B9}.Debug|Any CPU.ActiveCfg = Debug|Any CPU
		{CB8E4BB2-648F-4F64-AE00-2656CEF771B9}.Debug|Any CPU.Build.0 = Debug|Any CPU
		{CB8E4BB2-648F-4F64-AE00-2656CEF771B9}.Debug|x64.ActiveCfg = Debug|Any CPU
		{CB8E4BB2-648F-4F64-AE00-2656CEF771B9}.Debug|x64.Build.0 = Debug|Any CPU
		{CB8E4BB2-648F-4F64-AE00-2656CEF771B9}.Debug|x86.ActiveCfg = Debug|Any CPU
		{CB8E4BB2-648F-4F64-AE00-2656CEF771B9}.Debug|x86.Build.0 = Debug|Any CPU
		{CB8E4BB2-648F-4F64-AE00-2656CEF771B9}.Release|Any CPU.ActiveCfg = Release|Any CPU
		{CB8E4BB2-648F-4F64-AE00-2656CEF771B9}.Release|Any CPU.Build.0 = Release|Any CPU
		{CB8E4BB2-648F-4F64-AE00-2656CEF771B9}.Release|x64.ActiveCfg = Release|Any CPU
		{CB8E4BB2-648F-4F64-AE00-2656CEF771B9}.Release|x64.Build.0 = Release|Any CPU
		{CB8E4BB2-648F-4F64-AE00-2656CEF771B9}.Release|x86.ActiveCfg = Release|Any CPU
		{CB8E4BB2-648F-4F64-AE00-2656CEF771B9}.Release|x86.Build.0 = Release|Any CPU
		{BA3DD488-FCFD-47E7-B28A-DC104B0E8E04}.Debug|Any CPU.ActiveCfg = Debug|Any CPU
		{BA3DD488-FCFD-47E7-B28A-DC104B0E8E04}.Debug|Any CPU.Build.0 = Debug|Any CPU
		{BA3DD488-FCFD-47E7-B28A-DC104B0E8E04}.Debug|x64.ActiveCfg = Debug|Any CPU
		{BA3DD488-FCFD-47E7-B28A-DC104B0E8E04}.Debug|x64.Build.0 = Debug|Any CPU
		{BA3DD488-FCFD-47E7-B28A-DC104B0E8E04}.Debug|x86.ActiveCfg = Debug|Any CPU
		{BA3DD488-FCFD-47E7-B28A-DC104B0E8E04}.Debug|x86.Build.0 = Debug|Any CPU
		{BA3DD488-FCFD-47E7-B28A-DC104B0E8E04}.Release|Any CPU.ActiveCfg = Release|Any CPU
		{BA3DD488-FCFD-47E7-B28A-DC104B0E8E04}.Release|Any CPU.Build.0 = Release|Any CPU
		{BA3DD488-FCFD-47E7-B28A-DC104B0E8E04}.Release|x64.ActiveCfg = Release|Any CPU
		{BA3DD488-FCFD-47E7-B28A-DC104B0E8E04}.Release|x64.Build.0 = Release|Any CPU
		{BA3DD488-FCFD-47E7-B28A-DC104B0E8E04}.Release|x86.ActiveCfg = Release|Any CPU
		{BA3DD488-FCFD-47E7-B28A-DC104B0E8E04}.Release|x86.Build.0 = Release|Any CPU
		{4DDD2785-FF2F-48C9-AC82-81FC4FF7FB89}.Debug|Any CPU.ActiveCfg = Debug|Any CPU
		{4DDD2785-FF2F-48C9-AC82-81FC4FF7FB89}.Debug|Any CPU.Build.0 = Debug|Any CPU
		{4DDD2785-FF2F-48C9-AC82-81FC4FF7FB89}.Debug|x64.ActiveCfg = Debug|Any CPU
		{4DDD2785-FF2F-48C9-AC82-81FC4FF7FB89}.Debug|x64.Build.0 = Debug|Any CPU
		{4DDD2785-FF2F-48C9-AC82-81FC4FF7FB89}.Debug|x86.ActiveCfg = Debug|Any CPU
		{4DDD2785-FF2F-48C9-AC82-81FC4FF7FB89}.Debug|x86.Build.0 = Debug|Any CPU
		{4DDD2785-FF2F-48C9-AC82-81FC4FF7FB89}.Release|Any CPU.ActiveCfg = Release|Any CPU
		{4DDD2785-FF2F-48C9-AC82-81FC4FF7FB89}.Release|Any CPU.Build.0 = Release|Any CPU
		{4DDD2785-FF2F-48C9-AC82-81FC4FF7FB89}.Release|x64.ActiveCfg = Release|Any CPU
		{4DDD2785-FF2F-48C9-AC82-81FC4FF7FB89}.Release|x64.Build.0 = Release|Any CPU
		{4DDD2785-FF2F-48C9-AC82-81FC4FF7FB89}.Release|x86.ActiveCfg = Release|Any CPU
		{4DDD2785-FF2F-48C9-AC82-81FC4FF7FB89}.Release|x86.Build.0 = Release|Any CPU
		{DCFB9612-EBBE-4F6E-AF0B-70125926DEA9}.Debug|Any CPU.ActiveCfg = Debug|Any CPU
		{DCFB9612-EBBE-4F6E-AF0B-70125926DEA9}.Debug|Any CPU.Build.0 = Debug|Any CPU
		{DCFB9612-EBBE-4F6E-AF0B-70125926DEA9}.Debug|x64.ActiveCfg = Debug|Any CPU
		{DCFB9612-EBBE-4F6E-AF0B-70125926DEA9}.Debug|x64.Build.0 = Debug|Any CPU
		{DCFB9612-EBBE-4F6E-AF0B-70125926DEA9}.Debug|x86.ActiveCfg = Debug|Any CPU
		{DCFB9612-EBBE-4F6E-AF0B-70125926DEA9}.Debug|x86.Build.0 = Debug|Any CPU
		{DCFB9612-EBBE-4F6E-AF0B-70125926DEA9}.Release|Any CPU.ActiveCfg = Release|Any CPU
		{DCFB9612-EBBE-4F6E-AF0B-70125926DEA9}.Release|Any CPU.Build.0 = Release|Any CPU
		{DCFB9612-EBBE-4F6E-AF0B-70125926DEA9}.Release|x64.ActiveCfg = Release|Any CPU
		{DCFB9612-EBBE-4F6E-AF0B-70125926DEA9}.Release|x64.Build.0 = Release|Any CPU
		{DCFB9612-EBBE-4F6E-AF0B-70125926DEA9}.Release|x86.ActiveCfg = Release|Any CPU
		{DCFB9612-EBBE-4F6E-AF0B-70125926DEA9}.Release|x86.Build.0 = Release|Any CPU
		{EE8E861D-53C4-4358-BF18-0543113C0ED1}.Debug|Any CPU.ActiveCfg = Debug|Win32
		{EE8E861D-53C4-4358-BF18-0543113C0ED1}.Debug|x64.ActiveCfg = Debug|x64
		{EE8E861D-53C4-4358-BF18-0543113C0ED1}.Debug|x64.Build.0 = Debug|x64
		{EE8E861D-53C4-4358-BF18-0543113C0ED1}.Debug|x86.ActiveCfg = Debug|Win32
		{EE8E861D-53C4-4358-BF18-0543113C0ED1}.Debug|x86.Build.0 = Debug|Win32
		{EE8E861D-53C4-4358-BF18-0543113C0ED1}.Release|Any CPU.ActiveCfg = Release|Win32
		{EE8E861D-53C4-4358-BF18-0543113C0ED1}.Release|x64.ActiveCfg = Release|x64
		{EE8E861D-53C4-4358-BF18-0543113C0ED1}.Release|x64.Build.0 = Release|x64
		{EE8E861D-53C4-4358-BF18-0543113C0ED1}.Release|x86.ActiveCfg = Release|Win32
		{EE8E861D-53C4-4358-BF18-0543113C0ED1}.Release|x86.Build.0 = Release|Win32
	EndGlobalSection
	GlobalSection(SolutionProperties) = preSolution
		HideSolutionNode = FALSE
	EndGlobalSection
	GlobalSection(ExtensibilityGlobals) = postSolution
		SolutionGuid = {0EB21880-5B1A-48F1-9FEB-456FAEFBD074}
	EndGlobalSection
EndGlobal
